
Microsoft Visual Studio Solution File, Format Version 12.00
# Visual Studio 15
VisualStudioVersion = 15.0.28307.1321
MinimumVisualStudioVersion = 10.0.40219.1
Project("{FAE04EC0-301F-11D3-BF4B-00C04F79EFBC}") = "CSBasic", "CSBasic\CSBasic.csproj", "{AD876A36-D097-4E1E-A295-1532E3F6D9A4}"
EndProject
Project("{FAE04EC0-301F-11D3-BF4B-00C04F79EFBC}") = "CSBasic.Tests", "CSBasic.Tests\CSBasic.Tests.csproj", "{BD30DB04-7975-4FE5-A843-4CDC3DAB5CC9}"
EndProject
Global
	GlobalSection(SolutionConfigurationPlatforms) = preSolution
		Debug|Any CPU = Debug|Any CPU
		Release|Any CPU = Release|Any CPU
	EndGlobalSection
	GlobalSection(ProjectConfigurationPlatforms) = postSolution
		{AD876A36-D097-4E1E-A295-1532E3F6D9A4}.Debug|Any CPU.ActiveCfg = Debug|Any CPU
		{AD876A36-D097-4E1E-A295-1532E3F6D9A4}.Debug|Any CPU.Build.0 = Debug|Any CPU
		{AD876A36-D097-4E1E-A295-1532E3F6D9A4}.Release|Any CPU.ActiveCfg = Release|Any CPU
		{AD876A36-D097-4E1E-A295-1532E3F6D9A4}.Release|Any CPU.Build.0 = Release|Any CPU
		{BD30DB04-7975-4FE5-A843-4CDC3DAB5CC9}.Debug|Any CPU.ActiveCfg = Debug|Any CPU
		{BD30DB04-7975-4FE5-A843-4CDC3DAB5CC9}.Debug|Any CPU.Build.0 = Debug|Any CPU
		{BD30DB04-7975-4FE5-A843-4CDC3DAB5CC9}.Release|Any CPU.ActiveCfg = Release|Any CPU
		{BD30DB04-7975-4FE5-A843-4CDC3DAB5CC9}.Release|Any CPU.Build.0 = Release|Any CPU
	EndGlobalSection
	GlobalSection(SolutionProperties) = preSolution
		HideSolutionNode = FALSE
	EndGlobalSection
	GlobalSection(ExtensibilityGlobals) = postSolution
		SolutionGuid = {C4C27E97-5AD1-47F3-88DE-FEFD3CD07283}
	EndGlobalSection
EndGlobal
